
Microsoft Visual Studio Solution File, Format Version 11.00
# Visual Studio 2010
Project("{FAE04EC0-301F-11D3-BF4B-00C04F79EFBC}") = "HelloiPhone", "HelloiPhone\HelloiPhone.csproj", "{D26EBB06-9995-41F7-8D2E-BDF6674E72DB}"
EndProject
Global
	GlobalSection(SolutionConfigurationPlatforms) = preSolution
		Debug|iPhoneSimulator = Debug|iPhoneSimulator
		Release|iPhoneSimulator = Release|iPhoneSimulator
		Debug|iPhone = Debug|iPhone
		Release|iPhone = Release|iPhone
		Ad-Hoc|iPhone = Ad-Hoc|iPhone
		AppStore|iPhone = AppStore|iPhone
	EndGlobalSection
	GlobalSection(ProjectConfigurationPlatforms) = postSolution
		{D26EBB06-9995-41F7-8D2E-BDF6674E72DB}.Ad-Hoc|iPhone.ActiveCfg = Ad-Hoc|iPhone
		{D26EBB06-9995-41F7-8D2E-BDF6674E72DB}.Ad-Hoc|iPhone.Build.0 = Ad-Hoc|iPhone
		{D26EBB06-9995-41F7-8D2E-BDF6674E72DB}.AppStore|iPhone.ActiveCfg = AppStore|iPhone
		{D26EBB06-9995-41F7-8D2E-BDF6674E72DB}.AppStore|iPhone.Build.0 = AppStore|iPhone
		{D26EBB06-9995-41F7-8D2E-BDF6674E72DB}.Debug|iPhone.ActiveCfg = Debug|iPhone
		{D26EBB06-9995-41F7-8D2E-BDF6674E72DB}.Debug|iPhone.Build.0 = Debug|iPhone
		{D26EBB06-9995-41F7-8D2E-BDF6674E72DB}.Debug|iPhoneSimulator.ActiveCfg = Debug|iPhoneSimulator
		{D26EBB06-9995-41F7-8D2E-BDF6674E72DB}.Debug|iPhoneSimulator.Build.0 = Debug|iPhoneSimulator
		{D26EBB06-9995-41F7-8D2E-BDF6674E72DB}.Release|iPhone.ActiveCfg = Release|iPhone
		{D26EBB06-9995-41F7-8D2E-BDF6674E72DB}.Release|iPhone.Build.0 = Release|iPhone
		{D26EBB06-9995-41F7-8D2E-BDF6674E72DB}.Release|iPhoneSimulator.ActiveCfg = Release|iPhoneSimulator
		{D26EBB06-9995-41F7-8D2E-BDF6674E72DB}.Release|iPhoneSimulator.Build.0 = Release|iPhoneSimulator
	EndGlobalSection
	GlobalSection(MonoDevelopProperties) = preSolution
		StartupItem = HelloiPhone\HelloiPhone.csproj
	EndGlobalSection
EndGlobal
